
Microsoft Visual Studio Solution File, Format Version 12.00
Project("{FAE04EC0-301F-11D3-BF4B-00C04F79EFBC}") = "AndersenTeam.Assessment.Automation", "AndersenTeam.Assessment.Automation\AndersenTeam.Assessment.Automation.csproj", "{B968277F-439F-49FE-AFDE-C9516B05F93B}"
EndProject
Project("{FAE04EC0-301F-11D3-BF4B-00C04F79EFBC}") = "AndersenTeam.Assessment.Infrastructure", "AndersenTeam.Assessment.Infrastructure\AndersenTeam.Assessment.Infrastructure.csproj", "{B8983292-CF31-49F8-876D-2332A462A64A}"
EndProject
Global
	GlobalSection(SolutionConfigurationPlatforms) = preSolution
		Debug|Any CPU = Debug|Any CPU
		Release|Any CPU = Release|Any CPU
	EndGlobalSection
	GlobalSection(ProjectConfigurationPlatforms) = postSolution
		{B968277F-439F-49FE-AFDE-C9516B05F93B}.Debug|Any CPU.ActiveCfg = Debug|Any CPU
		{B968277F-439F-49FE-AFDE-C9516B05F93B}.Debug|Any CPU.Build.0 = Debug|Any CPU
		{B968277F-439F-49FE-AFDE-C9516B05F93B}.Release|Any CPU.ActiveCfg = Release|Any CPU
		{B968277F-439F-49FE-AFDE-C9516B05F93B}.Release|Any CPU.Build.0 = Release|Any CPU
		{B8983292-CF31-49F8-876D-2332A462A64A}.Debug|Any CPU.ActiveCfg = Debug|Any CPU
		{B8983292-CF31-49F8-876D-2332A462A64A}.Debug|Any CPU.Build.0 = Debug|Any CPU
		{B8983292-CF31-49F8-876D-2332A462A64A}.Release|Any CPU.ActiveCfg = Release|Any CPU
		{B8983292-CF31-49F8-876D-2332A462A64A}.Release|Any CPU.Build.0 = Release|Any CPU
	EndGlobalSection
EndGlobal
